// !$*UTF8*$!
{
	archiveVersion = 1;
	classes = {
	};
	objectVersion = 46;
	objects = {

/* Begin PBXBuildFile section */
		7EC2C9681C22FA4D00AB7CA1 /* AppDelegate.swift in Sources */ = {isa = PBXBuildFile; fileRef = 7EC2C9671C22FA4D00AB7CA1 /* AppDelegate.swift */; };
		7EC2C96A1C22FA4D00AB7CA1 /* ViewController.swift in Sources */ = {isa = PBXBuildFile; fileRef = 7EC2C9691C22FA4D00AB7CA1 /* ViewController.swift */; };
		7EC2C96D1C22FA4D00AB7CA1 /* Main.storyboard in Resources */ = {isa = PBXBuildFile; fileRef = 7EC2C96B1C22FA4D00AB7CA1 /* Main.storyboard */; };
		7EC2C96F1C22FA4D00AB7CA1 /* Assets.xcassets in Resources */ = {isa = PBXBuildFile; fileRef = 7EC2C96E1C22FA4D00AB7CA1 /* Assets.xcassets */; };
		7EC2C9721C22FA4D00AB7CA1 /* LaunchScreen.storyboard in Resources */ = {isa = PBXBuildFile; fileRef = 7EC2C9701C22FA4D00AB7CA1 /* LaunchScreen.storyboard */; };
		7EC2C97A1C246FA900AB7CA1 /* Character.swift in Sources */ = {isa = PBXBuildFile; fileRef = 7EC2C9791C246FA900AB7CA1 /* Character.swift */; };
		7EC2C97C1C24729900AB7CA1 /* Player.swift in Sources */ = {isa = PBXBuildFile; fileRef = 7EC2C97B1C24729900AB7CA1 /* Player.swift */; };
		7EC2C97E1C247B7A00AB7CA1 /* Enemy.swift in Sources */ = {isa = PBXBuildFile; fileRef = 7EC2C97D1C247B7A00AB7CA1 /* Enemy.swift */; };
		7ED327441C25106F005C4271 /* Kimara.swift in Sources */ = {isa = PBXBuildFile; fileRef = 7ED327431C25106F005C4271 /* Kimara.swift */; };
		7ED327461C251286005C4271 /* DevilWizard.swift in Sources */ = {isa = PBXBuildFile; fileRef = 7ED327451C251286005C4271 /* DevilWizard.swift */; };
/* End PBXBuildFile section */

/* Begin PBXFileReference section */
		7EC2C9641C22FA4D00AB7CA1 /* rpg.app */ = {isa = PBXFileReference; explicitFileType = wrapper.application; includeInIndex = 0; path = rpg.app; sourceTree = BUILT_PRODUCTS_DIR; };
		7EC2C9671C22FA4D00AB7CA1 /* AppDelegate.swift */ = {isa = PBXFileReference; lastKnownFileType = sourcecode.swift; path = AppDelegate.swift; sourceTree = "<group>"; };
		7EC2C9691C22FA4D00AB7CA1 /* ViewController.swift */ = {isa = PBXFileReference; lastKnownFileType = sourcecode.swift; path = ViewController.swift; sourceTree = "<group>"; };
		7EC2C96C1C22FA4D00AB7CA1 /* Base */ = {isa = PBXFileReference; lastKnownFileType = file.storyboard; name = Base; path = Base.lproj/Main.storyboard; sourceTree = "<group>"; };
		7EC2C96E1C22FA4D00AB7CA1 /* Assets.xcassets */ = {isa = PBXFileReference; lastKnownFileType = folder.assetcatalog; path = Assets.xcassets; sourceTree = "<group>"; };
		7EC2C9711C22FA4D00AB7CA1 /* Base */ = {isa = PBXFileReference; lastKnownFileType = file.storyboard; name = Base; path = Base.lproj/LaunchScreen.storyboard; sourceTree = "<group>"; };
		7EC2C9731C22FA4D00AB7CA1 /* Info.plist */ = {isa = PBXFileReference; lastKnownFileType = text.plist.xml; path = Info.plist; sourceTree = "<group>"; };
		7EC2C9791C246FA900AB7CA1 /* Character.swift */ = {isa = PBXFileReference; fileEncoding = 4; lastKnownFileType = sourcecode.swift; path = Character.swift; sourceTree = "<group>"; };
		7EC2C97B1C24729900AB7CA1 /* Player.swift */ = {isa = PBXFileReference; fileEncoding = 4; lastKnownFileType = sourcecode.swift; path = Player.swift; sourceTree = "<group>"; };
		7EC2C97D1C247B7A00AB7CA1 /* Enemy.swift */ = {isa = PBXFileReference; fileEncoding = 4; lastKnownFileType = sourcecode.swift; path = Enemy.swift; sourceTree = "<group>"; };
		7ED327431C25106F005C4271 /* Kimara.swift */ = {isa = PBXFileReference; fileEncoding = 4; lastKnownFileType = sourcecode.swift; path = Kimara.swift; sourceTree = "<group>"; };
		7ED327451C251286005C4271 /* DevilWizard.swift */ = {isa = PBXFileReference; fileEncoding = 4; lastKnownFileType = sourcecode.swift; path = DevilWizard.swift; sourceTree = "<group>"; };
/* End PBXFileReference section */

/* Begin PBXFrameworksBuildPhase section */
		7EC2C9611C22FA4D00AB7CA1 /* Frameworks */ = {
			isa = PBXFrameworksBuildPhase;
			buildActionMask = 2147483647;
			files = (
			);
			runOnlyForDeploymentPostprocessing = 0;
		};
/* End PBXFrameworksBuildPhase section */

/* Begin PBXGroup section */
		7EC2C95B1C22FA4D00AB7CA1 = {
			isa = PBXGroup;
			children = (
				7EC2C9661C22FA4D00AB7CA1 /* rpg */,
				7EC2C9651C22FA4D00AB7CA1 /* Products */,
			);
			sourceTree = "<group>";
		};
		7EC2C9651C22FA4D00AB7CA1 /* Products */ = {
			isa = PBXGroup;
			children = (
				7EC2C9641C22FA4D00AB7CA1 /* rpg.app */,
			);
			name = Products;
			sourceTree = "<group>";
		};
		7EC2C9661C22FA4D00AB7CA1 /* rpg */ = {
			isa = PBXGroup;
			children = (
				7EC2C9671C22FA4D00AB7CA1 /* AppDelegate.swift */,
				7EC2C9691C22FA4D00AB7CA1 /* ViewController.swift */,
				7EC2C96B1C22FA4D00AB7CA1 /* Main.storyboard */,
				7EC2C96E1C22FA4D00AB7CA1 /* Assets.xcassets */,
				7EC2C9701C22FA4D00AB7CA1 /* LaunchScreen.storyboard */,
				7EC2C9731C22FA4D00AB7CA1 /* Info.plist */,
				7EC2C9791C246FA900AB7CA1 /* Character.swift */,
				7EC2C97B1C24729900AB7CA1 /* Player.swift */,
				7EC2C97D1C247B7A00AB7CA1 /* Enemy.swift */,
				7ED327431C25106F005C4271 /* Kimara.swift */,
				7ED327451C251286005C4271 /* DevilWizard.swift */,
			);
			path = rpg;
			sourceTree = "<group>";
		};
/* End PBXGroup section */

/* Begin PBXNativeTarget section */
		7EC2C9631C22FA4D00AB7CA1 /* rpg */ = {
			isa = PBXNativeTarget;
			buildConfigurationList = 7EC2C9761C22FA4D00AB7CA1 /* Build configuration list for PBXNativeTarget "rpg" */;
			buildPhases = (
				7EC2C9601C22FA4D00AB7CA1 /* Sources */,
				7EC2C9611C22FA4D00AB7CA1 /* Frameworks */,
				7EC2C9621C22FA4D00AB7CA1 /* Resources */,
			);
			buildRules = (
			);
			dependencies = (
			);
			name = rpg;
			productName = rpg;
			productReference = 7EC2C9641C22FA4D00AB7CA1 /* rpg.app */;
			productType = "com.apple.product-type.application";
		};
/* End PBXNativeTarget section */

/* Begin PBXProject section */
		7EC2C95C1C22FA4D00AB7CA1 /* Project object */ = {
			isa = PBXProject;
			attributes = {
				LastSwiftUpdateCheck = 0720;
				LastUpgradeCheck = 0720;
				ORGANIZATIONNAME = Tang;
				TargetAttributes = {
					7EC2C9631C22FA4D00AB7CA1 = {
						CreatedOnToolsVersion = 7.2;
						DevelopmentTeam = JKHM64RXGA;
					};
				};
			};
			buildConfigurationList = 7EC2C95F1C22FA4D00AB7CA1 /* Build configuration list for PBXProject "rpg" */;
			compatibilityVersion = "Xcode 3.2";
			developmentRegion = English;
			hasScannedForEncodings = 0;
			knownRegions = (
				en,
				Base,
			);
			mainGroup = 7EC2C95B1C22FA4D00AB7CA1;
			productRefGroup = 7EC2C9651C22FA4D00AB7CA1 /* Products */;
			projectDirPath = "";
			projectRoot = "";
			targets = (
				7EC2C9631C22FA4D00AB7CA1 /* rpg */,
			);
		};
/* End PBXProject section */

/* Begin PBXResourcesBuildPhase section */
		7EC2C9621C22FA4D00AB7CA1 /* Resources */ = {
			isa = PBXResourcesBuildPhase;
			buildActionMask = 2147483647;
			files = (
				7EC2C9721C22FA4D00AB7CA1 /* LaunchScreen.storyboard in Resources */,
				7EC2C96F1C22FA4D00AB7CA1 /* Assets.xcassets in Resources */,
				7EC2C96D1C22FA4D00AB7CA1 /* Main.storyboard in Resources */,
			);
			runOnlyForDeploymentPostprocessing = 0;
		};
/* End PBXResourcesBuildPhase section */

/* Begin PBXSourcesBuildPhase section */
		7EC2C9601C22FA4D00AB7CA1 /* Sources */ = {
			isa = PBXSourcesBuildPhase;
			buildActionMask = 2147483647;
			files = (
				7EC2C97C1C24729900AB7CA1 /* Player.swift in Sources */,
				7EC2C97E1C247B7A00AB7CA1 /* Enemy.swift in Sources */,
				7ED327461C251286005C4271 /* DevilWizard.swift in Sources */,
				7ED327441C25106F005C4271 /* Kimara.swift in Sources */,
				7EC2C97A1C246FA900AB7CA1 /* Character.swift in Sources */,
				7EC2C96A1C22FA4D00AB7CA1 /* ViewController.swift in Sources */,
				7EC2C9681C22FA4D00AB7CA1 /* AppDelegate.swift in Sources */,
			);
			runOnlyForDeploymentPostprocessing = 0;
		};
/* End PBXSourcesBuildPhase section */

/* Begin PBXVariantGroup section */
		7EC2C96B1C22FA4D00AB7CA1 /* Main.storyboard */ = {
			isa = PBXVariantGroup;
			children = (
				7EC2C96C1C22FA4D00AB7CA1 /* Base */,
			);
			name = Main.storyboard;
			sourceTree = "<group>";
		};
		7EC2C9701C22FA4D00AB7CA1 /* LaunchScreen.storyboard */ = {
			isa = PBXVariantGroup;
			children = (
				7EC2C9711C22FA4D00AB7CA1 /* Base */,
			);
			name = LaunchScreen.storyboard;
			sourceTree = "<group>";
		};
/* End PBXVariantGroup section */

/* Begin XCBuildConfiguration section */
		7EC2C9741C22FA4D00AB7CA1 /* Debug */ = {
			isa = XCBuildConfiguration;
			buildSettings = {
				ALWAYS_SEARCH_USER_PATHS = NO;
				CLANG_CXX_LANGUAGE_STANDARD = "gnu++0x";
				CLANG_CXX_LIBRARY = "libc++";
				CLANG_ENABLE_MODULES = YES;
				CLANG_ENABLE_OBJC_ARC = YES;
				CLANG_WARN_BOOL_CONVERSION = YES;
				CLANG_WARN_CONSTANT_CONVERSION = YES;
				CLANG_WARN_DIRECT_OBJC_ISA_USAGE = YES_ERROR;
				CLANG_WARN_EMPTY_BODY = YES;
				CLANG_WARN_ENUM_CONVERSION = YES;
				CLANG_WARN_INT_CONVERSION = YES;
				CLANG_WARN_OBJC_ROOT_CLASS = YES_ERROR;
				CLANG_WARN_UNREACHABLE_CODE = YES;
				CLANG_WARN__DUPLICATE_METHOD_MATCH = YES;
				"CODE_SIGN_IDENTITY[sdk=iphoneos*]" = "iPhone Developer";
				COPY_PHASE_STRIP = NO;
				DEBUG_INFORMATION_FORMAT = dwarf;
				ENABLE_STRICT_OBJC_MSGSEND = YES;
				ENABLE_TESTABILITY = YES;
				GCC_C_LANGUAGE_STANDARD = gnu99;
				GCC_DYNAMIC_NO_PIC = NO;
				GCC_NO_COMMON_BLOCKS = YES;
				GCC_OPTIMIZATION_LEVEL = 0;
				GCC_PREPROCESSOR_DEFINITIONS = (
					"DEBUG=1",
					"$(inherited)",
				);
				GCC_WARN_64_TO_32_BIT_CONVERSION = YES;
				GCC_WARN_ABOUT_RETURN_TYPE = YES_ERROR;
				GCC_WARN_UNDECLARED_SELECTOR = YES;
				GCC_WARN_UNINITIALIZED_AUTOS = YES_AGGRESSIVE;
				GCC_WARN_UNUSED_FUNCTION = YES;
				GCC_WARN_UNUSED_VARIABLE = YES;
				IPHONEOS_DEPLOYMENT_TARGET = 9.2;
				MTL_ENABLE_DEBUG_INFO = YES;
				ONLY_ACTIVE_ARCH = YES;
				SDKROOT = iphoneos;
				SWIFT_OPTIMIZATION_LEVEL = "-Onone";
			};
			name = Debug;
		};
		7EC2C9751C22FA4D00AB7CA1 /* Release */ = {
			isa = XCBuildConfiguration;
			buildSettings = {
				ALWAYS_SEARCH_USER_PATHS = NO;
				CLANG_CXX_LANGUAGE_STANDARD = "gnu++0x";
				CLANG_CXX_LIBRARY = "libc++";
				CLANG_ENABLE_MODULES = YES;
				CLANG_ENABLE_OBJC_ARC = YES;
				CLANG_WARN_BOOL_CONVERSION = YES;
				CLANG_WARN_CONSTANT_CONVERSION = YES;
				CLANG_WARN_DIRECT_OBJC_ISA_USAGE = YES_ERROR;
				CLANG_WARN_EMPTY_BODY = YES;
				CLANG_WARN_ENUM_CONVERSION = YES;
				CLANG_WARN_INT_CONVERSION = YES;
				CLANG_WARN_OBJC_ROOT_CLASS = YES_ERROR;
				CLANG_WARN_UNREACHABLE_CODE = YES;
				CLANG_WARN__DUPLICATE_METHOD_MATCH = YES;
				"CODE_SIGN_IDENTITY[sdk=iphoneos*]" = "iPhone Developer";
				COPY_PHASE_STRIP = NO;
				DEBUG_INFORMATION_FORMAT = "dwarf-with-dsym";
				ENABLE_NS_ASSERTIONS = NO;
				ENABLE_STRICT_OBJC_MSGSEND = YES;
				GCC_C_LANGUAGE_STANDARD = gnu99;
				GCC_NO_COMMON_BLOCKS = YES;
				GCC_WARN_64_TO_32_BIT_CONVERSION = YES;
				GCC_WARN_ABOUT_RETURN_TYPE = YES_ERROR;
				GCC_WARN_UNDECLARED_SELECTOR = YES;
				GCC_WARN_UNINITIALIZED_AUTOS = YES_AGGRESSIVE;
				GCC_WARN_UNUSED_FUNCTION = YES;
				GCC_WARN_UNUSED_VARIABLE = YES;
				IPHONEOS_DEPLOYMENT_TARGET = 9.2;
				MTL_ENABLE_DEBUG_INFO = NO;
				SDKROOT = iphoneos;
				VALIDATE_PRODUCT = YES;
			};
			name = Release;
		};
		7EC2C9771C22FA4D00AB7CA1 /* Debug */ = {
			isa = XCBuildConfiguration;
			buildSettings = {
				ASSETCATALOG_COMPILER_APPICON_NAME = AppIcon;
				INFOPLIST_FILE = rpg/Info.plist;
				LD_RUNPATH_SEARCH_PATHS = "$(inherited) @executable_path/Frameworks";
				PRODUCT_BUNDLE_IDENTIFIER = com.tang.rpg;
				PRODUCT_NAME = "$(TARGET_NAME)";
			};
			name = Debug;
		};
		7EC2C9781C22FA4D00AB7CA1 /* Release */ = {
			isa = XCBuildConfiguration;
			buildSettings = {
				ASSETCATALOG_COMPILER_APPICON_NAME = AppIcon;
				INFOPLIST_FILE = rpg/Info.plist;
				LD_RUNPATH_SEARCH_PATHS = "$(inherited) @executable_path/Frameworks";
				PRODUCT_BUNDLE_IDENTIFIER = com.tang.rpg;
				PRODUCT_NAME = "$(TARGET_NAME)";
			};
			name = Release;
		};
/* End XCBuildConfiguration section */

/* Begin XCConfigurationList section */
		7EC2C95F1C22FA4D00AB7CA1 /* Build configuration list for PBXProject "rpg" */ = {
			isa = XCConfigurationList;
			buildConfigurations = (
				7EC2C9741C22FA4D00AB7CA1 /* Debug */,
				7EC2C9751C22FA4D00AB7CA1 /* Release */,
			);
			defaultConfigurationIsVisible = 0;
			defaultConfigurationName = Release;
		};
		7EC2C9761C22FA4D00AB7CA1 /* Build configuration list for PBXNativeTarget "rpg" */ = {
			isa = XCConfigurationList;
			buildConfigurations = (
				7EC2C9771C22FA4D00AB7CA1 /* Debug */,
				7EC2C9781C22FA4D00AB7CA1 /* Release */,
			);
			defaultConfigurationIsVisible = 0;
			defaultConfigurationName = Release;
		};
/* End XCConfigurationList section */
	};
	rootObject = 7EC2C95C1C22FA4D00AB7CA1 /* Project object */;
}
